
Microsoft Visual Studio Solution File, Format Version 12.00
# Visual Studio Version 17
VisualStudioVersion = 17.14.36930.0 d17.14
MinimumVisualStudioVersion = 10.0.40219.1
Project("{FAE04EC0-301F-11D3-BF4B-00C04F79EFBC}") = "LibrarySystem.WinForms", "LibrarySystem.WinForms\LibrarySystem.WinForms.csproj", "{CA397B0B-F890-4419-8017-D6480E40A313}"
EndProject
Global
	GlobalSection(SolutionConfigurationPlatforms) = preSolution
		Debug|Any CPU = Debug|Any CPU
		Release|Any CPU = Release|Any CPU
	EndGlobalSection
	GlobalSection(ProjectConfigurationPlatforms) = postSolution
		{CA397B0B-F890-4419-8017-D6480E40A313}.Debug|Any CPU.ActiveCfg = Debug|Any CPU
		{CA397B0B-F890-4419-8017-D6480E40A313}.Debug|Any CPU.Build.0 = Debug|Any CPU
		{CA397B0B-F890-4419-8017-D6480E40A313}.Release|Any CPU.ActiveCfg = Release|Any CPU
		{CA397B0B-F890-4419-8017-D6480E40A313}.Release|Any CPU.Build.0 = Release|Any CPU
	EndGlobalSection
	GlobalSection(SolutionProperties) = preSolution
		HideSolutionNode = FALSE
	EndGlobalSection
	GlobalSection(ExtensibilityGlobals) = postSolution
		SolutionGuid = {4E9A34EB-DD34-4FE6-A8B2-2E5DEF265CED}
	EndGlobalSection
EndGlobal
